
Microsoft Visual Studio Solution File, Format Version 12.00
Project("{FAE04EC0-301F-11D3-BF4B-00C04F79EFBC}") = "WFComments2025", "WFComments2025.csproj", "{065105EC-8038-40EC-82F4-795CB9B6AFBB}"
EndProject
Global
	GlobalSection(SolutionConfigurationPlatforms) = preSolution
		Debug|Any CPU = Debug|Any CPU
		Release|Any CPU = Release|Any CPU
	EndGlobalSection
	GlobalSection(ProjectConfigurationPlatforms) = postSolution
		{065105EC-8038-40EC-82F4-795CB9B6AFBB}.Debug|Any CPU.ActiveCfg = Debug|Any CPU
		{065105EC-8038-40EC-82F4-795CB9B6AFBB}.Debug|Any CPU.Build.0 = Debug|Any CPU
		{065105EC-8038-40EC-82F4-795CB9B6AFBB}.Release|Any CPU.ActiveCfg = Release|Any CPU
		{065105EC-8038-40EC-82F4-795CB9B6AFBB}.Release|Any CPU.Build.0 = Release|Any CPU
	EndGlobalSection
EndGlobal
